
Microsoft Visual Studio Solution File, Format Version 12.00
# Visual Studio 15
VisualStudioVersion = 15.0.28010.2003
MinimumVisualStudioVersion = 10.0.40219.1
Project("{FAE04EC0-301F-11D3-BF4B-00C04F79EFBC}") = "AssignmentScheduler", "AssignmentScheduler\AssignmentScheduler.csproj", "{9B8AEB67-1BBF-4698-BB26-3CA173F9834E}"
EndProject
Global
	GlobalSection(SolutionConfigurationPlatforms) = preSolution
		Debug|Any CPU = Debug|Any CPU
		Release|Any CPU = Release|Any CPU
	EndGlobalSection
	GlobalSection(ProjectConfigurationPlatforms) = postSolution
		{9B8AEB67-1BBF-4698-BB26-3CA173F9834E}.Debug|Any CPU.ActiveCfg = Debug|Any CPU
		{9B8AEB67-1BBF-4698-BB26-3CA173F9834E}.Debug|Any CPU.Build.0 = Debug|Any CPU
		{9B8AEB67-1BBF-4698-BB26-3CA173F9834E}.Release|Any CPU.ActiveCfg = Release|Any CPU
		{9B8AEB67-1BBF-4698-BB26-3CA173F9834E}.Release|Any CPU.Build.0 = Release|Any CPU
	EndGlobalSection
	GlobalSection(SolutionProperties) = preSolution
		HideSolutionNode = FALSE
	EndGlobalSection
	GlobalSection(ExtensibilityGlobals) = postSolution
		SolutionGuid = {6F773247-904A-426A-8831-9899E138339A}
	EndGlobalSection
EndGlobal
